// !$*UTF8*$!
{
	archiveVersion = 1;
	classes = {
	};
	objectVersion = 52;
	objects = {

/* Begin PBXBuildFile section */
		D25F73F523CA7BD5003CCD9E /* AppDelegate.swift in Sources */ = {isa = PBXBuildFile; fileRef = D25F73F423CA7BD5003CCD9E /* AppDelegate.swift */; };
		D25F73F723CA7BD5003CCD9E /* SceneDelegate.swift in Sources */ = {isa = PBXBuildFile; fileRef = D25F73F623CA7BD5003CCD9E /* SceneDelegate.swift */; };
		D25F73F923CA7BD5003CCD9E /* ContentView.swift in Sources */ = {isa = PBXBuildFile; fileRef = D25F73F823CA7BD5003CCD9E /* ContentView.swift */; };
		D25F73FB23CA7BD8003CCD9E /* Assets.xcassets in Resources */ = {isa = PBXBuildFile; fileRef = D25F73FA23CA7BD8003CCD9E /* Assets.xcassets */; };
		D25F73FE23CA7BD8003CCD9E /* Preview Assets.xcassets in Resources */ = {isa = PBXBuildFile; fileRef = D25F73FD23CA7BD8003CCD9E /* Preview Assets.xcassets */; };
		D25F740123CA7BD8003CCD9E /* LaunchScreen.storyboard in Resources */ = {isa = PBXBuildFile; fileRef = D25F73FF23CA7BD8003CCD9E /* LaunchScreen.storyboard */; };
		D25F741D23CA7C00003CCD9E /* TestAppTests.swift in Sources */ = {isa = PBXBuildFile; fileRef = D25F741C23CA7C00003CCD9E /* TestAppTests.swift */; };
		D25F743D23CA8131003CCD9E /* Spek in Frameworks */ = {isa = PBXBuildFile; productRef = D25F743C23CA8131003CCD9E /* Spek */; };
/* End PBXBuildFile section */

/* Begin PBXContainerItemProxy section */
		D25F741F23CA7C00003CCD9E /* PBXContainerItemProxy */ = {
			isa = PBXContainerItemProxy;
			containerPortal = D25F73E923CA7BD5003CCD9E /* Project object */;
			proxyType = 1;
			remoteGlobalIDString = D25F73F023CA7BD5003CCD9E;
			remoteInfo = TestApp;
		};
/* End PBXContainerItemProxy section */

/* Begin PBXFileReference section */
		D25F73F123CA7BD5003CCD9E /* TestApp.app */ = {isa = PBXFileReference; explicitFileType = wrapper.application; includeInIndex = 0; path = TestApp.app; sourceTree = BUILT_PRODUCTS_DIR; };
		D25F73F423CA7BD5003CCD9E /* AppDelegate.swift */ = {isa = PBXFileReference; lastKnownFileType = sourcecode.swift; path = AppDelegate.swift; sourceTree = "<group>"; };
		D25F73F623CA7BD5003CCD9E /* SceneDelegate.swift */ = {isa = PBXFileReference; lastKnownFileType = sourcecode.swift; path = SceneDelegate.swift; sourceTree = "<group>"; };
		D25F73F823CA7BD5003CCD9E /* ContentView.swift */ = {isa = PBXFileReference; lastKnownFileType = sourcecode.swift; path = ContentView.swift; sourceTree = "<group>"; };
		D25F73FA23CA7BD8003CCD9E /* Assets.xcassets */ = {isa = PBXFileReference; lastKnownFileType = folder.assetcatalog; path = Assets.xcassets; sourceTree = "<group>"; };
		D25F73FD23CA7BD8003CCD9E /* Preview Assets.xcassets */ = {isa = PBXFileReference; lastKnownFileType = folder.assetcatalog; path = "Preview Assets.xcassets"; sourceTree = "<group>"; };
		D25F740023CA7BD8003CCD9E /* Base */ = {isa = PBXFileReference; lastKnownFileType = file.storyboard; name = Base; path = Base.lproj/LaunchScreen.storyboard; sourceTree = "<group>"; };
		D25F740223CA7BD8003CCD9E /* Info.plist */ = {isa = PBXFileReference; lastKnownFileType = text.plist.xml; path = Info.plist; sourceTree = "<group>"; };
		D25F741A23CA7C00003CCD9E /* TestAppTests.xctest */ = {isa = PBXFileReference; explicitFileType = wrapper.cfbundle; includeInIndex = 0; path = TestAppTests.xctest; sourceTree = BUILT_PRODUCTS_DIR; };
		D25F741C23CA7C00003CCD9E /* TestAppTests.swift */ = {isa = PBXFileReference; lastKnownFileType = sourcecode.swift; path = TestAppTests.swift; sourceTree = "<group>"; };
		D25F741E23CA7C00003CCD9E /* Info.plist */ = {isa = PBXFileReference; lastKnownFileType = text.plist.xml; path = Info.plist; sourceTree = "<group>"; };
		D25F743923CA811D003CCD9E /* Spek */ = {isa = PBXFileReference; lastKnownFileType = folder; name = Spek; path = ../..; sourceTree = "<group>"; };
/* End PBXFileReference section */

/* Begin PBXFrameworksBuildPhase section */
		D25F73EE23CA7BD5003CCD9E /* Frameworks */ = {
			isa = PBXFrameworksBuildPhase;
			buildActionMask = 2147483647;
			files = (
			);
			runOnlyForDeploymentPostprocessing = 0;
		};
		D25F741723CA7C00003CCD9E /* Frameworks */ = {
			isa = PBXFrameworksBuildPhase;
			buildActionMask = 2147483647;
			files = (
				D25F743D23CA8131003CCD9E /* Spek in Frameworks */,
			);
			runOnlyForDeploymentPostprocessing = 0;
		};
/* End PBXFrameworksBuildPhase section */

/* Begin PBXGroup section */
		D25F73E823CA7BD5003CCD9E = {
			isa = PBXGroup;
			children = (
				D25F743923CA811D003CCD9E /* Spek */,
				D25F73F323CA7BD5003CCD9E /* TestApp */,
				D25F741B23CA7C00003CCD9E /* TestAppTests */,
				D25F73F223CA7BD5003CCD9E /* Products */,
				D25F742623CA7C13003CCD9E /* Frameworks */,
			);
			sourceTree = "<group>";
		};
		D25F73F223CA7BD5003CCD9E /* Products */ = {
			isa = PBXGroup;
			children = (
				D25F73F123CA7BD5003CCD9E /* TestApp.app */,
				D25F741A23CA7C00003CCD9E /* TestAppTests.xctest */,
			);
			name = Products;
			sourceTree = "<group>";
		};
		D25F73F323CA7BD5003CCD9E /* TestApp */ = {
			isa = PBXGroup;
			children = (
				D25F73F423CA7BD5003CCD9E /* AppDelegate.swift */,
				D25F73F623CA7BD5003CCD9E /* SceneDelegate.swift */,
				D25F73F823CA7BD5003CCD9E /* ContentView.swift */,
				D25F73FA23CA7BD8003CCD9E /* Assets.xcassets */,
				D25F73FF23CA7BD8003CCD9E /* LaunchScreen.storyboard */,
				D25F740223CA7BD8003CCD9E /* Info.plist */,
				D25F73FC23CA7BD8003CCD9E /* Preview Content */,
			);
			path = TestApp;
			sourceTree = "<group>";
		};
		D25F73FC23CA7BD8003CCD9E /* Preview Content */ = {
			isa = PBXGroup;
			children = (
				D25F73FD23CA7BD8003CCD9E /* Preview Assets.xcassets */,
			);
			path = "Preview Content";
			sourceTree = "<group>";
		};
		D25F741B23CA7C00003CCD9E /* TestAppTests */ = {
			isa = PBXGroup;
			children = (
				D25F741C23CA7C00003CCD9E /* TestAppTests.swift */,
				D25F741E23CA7C00003CCD9E /* Info.plist */,
			);
			path = TestAppTests;
			sourceTree = "<group>";
		};
		D25F742623CA7C13003CCD9E /* Frameworks */ = {
			isa = PBXGroup;
			children = (
			);
			name = Frameworks;
			sourceTree = "<group>";
		};
/* End PBXGroup section */

/* Begin PBXNativeTarget section */
		D25F73F023CA7BD5003CCD9E /* TestApp */ = {
			isa = PBXNativeTarget;
			buildConfigurationList = D25F740523CA7BD8003CCD9E /* Build configuration list for PBXNativeTarget "TestApp" */;
			buildPhases = (
				D25F73ED23CA7BD5003CCD9E /* Sources */,
				D25F73EE23CA7BD5003CCD9E /* Frameworks */,
				D25F73EF23CA7BD5003CCD9E /* Resources */,
			);
			buildRules = (
			);
			dependencies = (
			);
			name = TestApp;
			productName = TestApp;
			productReference = D25F73F123CA7BD5003CCD9E /* TestApp.app */;
			productType = "com.apple.product-type.application";
		};
		D25F741923CA7C00003CCD9E /* TestAppTests */ = {
			isa = PBXNativeTarget;
			buildConfigurationList = D25F742123CA7C00003CCD9E /* Build configuration list for PBXNativeTarget "TestAppTests" */;
			buildPhases = (
				D25F741623CA7C00003CCD9E /* Sources */,
				D25F741723CA7C00003CCD9E /* Frameworks */,
				D25F741823CA7C00003CCD9E /* Resources */,
			);
			buildRules = (
			);
			dependencies = (
				D25F743B23CA812C003CCD9E /* PBXTargetDependency */,
				D25F742023CA7C00003CCD9E /* PBXTargetDependency */,
			);
			name = TestAppTests;
			packageProductDependencies = (
				D25F743C23CA8131003CCD9E /* Spek */,
			);
			productName = TestAppTests;
			productReference = D25F741A23CA7C00003CCD9E /* TestAppTests.xctest */;
			productType = "com.apple.product-type.bundle.unit-test";
		};
/* End PBXNativeTarget section */

/* Begin PBXProject section */
		D25F73E923CA7BD5003CCD9E /* Project object */ = {
			isa = PBXProject;
			attributes = {
				LastSwiftUpdateCheck = 1120;
				LastUpgradeCheck = 1120;
				ORGANIZATIONNAME = "Khoa Pham";
				TargetAttributes = {
					D25F73F023CA7BD5003CCD9E = {
						CreatedOnToolsVersion = 11.2.1;
					};
					D25F741923CA7C00003CCD9E = {
						CreatedOnToolsVersion = 11.2.1;
						TestTargetID = D25F73F023CA7BD5003CCD9E;
					};
				};
			};
			buildConfigurationList = D25F73EC23CA7BD5003CCD9E /* Build configuration list for PBXProject "TestApp" */;
			compatibilityVersion = "Xcode 9.3";
			developmentRegion = en;
			hasScannedForEncodings = 0;
			knownRegions = (
				en,
				Base,
			);
			mainGroup = D25F73E823CA7BD5003CCD9E;
			productRefGroup = D25F73F223CA7BD5003CCD9E /* Products */;
			projectDirPath = "";
			projectRoot = "";
			targets = (
				D25F73F023CA7BD5003CCD9E /* TestApp */,
				D25F741923CA7C00003CCD9E /* TestAppTests */,
			);
		};
/* End PBXProject section */

/* Begin PBXResourcesBuildPhase section */
		D25F73EF23CA7BD5003CCD9E /* Resources */ = {
			isa = PBXResourcesBuildPhase;
			buildActionMask = 2147483647;
			files = (
				D25F740123CA7BD8003CCD9E /* LaunchScreen.storyboard in Resources */,
				D25F73FE23CA7BD8003CCD9E /* Preview Assets.xcassets in Resources */,
				D25F73FB23CA7BD8003CCD9E /* Assets.xcassets in Resources */,
			);
			runOnlyForDeploymentPostprocessing = 0;
		};
		D25F741823CA7C00003CCD9E /* Resources */ = {
			isa = PBXResourcesBuildPhase;
			buildActionMask = 2147483647;
			files = (
			);
			runOnlyForDeploymentPostprocessing = 0;
		};
/* End PBXResourcesBuildPhase section */

/* Begin PBXSourcesBuildPhase section */
		D25F73ED23CA7BD5003CCD9E /* Sources */ = {
			isa = PBXSourcesBuildPhase;
			buildActionMask = 2147483647;
			files = (
				D25F73F523CA7BD5003CCD9E /* AppDelegate.swift in Sources */,
				D25F73F723CA7BD5003CCD9E /* SceneDelegate.swift in Sources */,
				D25F73F923CA7BD5003CCD9E /* ContentView.swift in Sources */,
			);
			runOnlyForDeploymentPostprocessing = 0;
		};
		D25F741623CA7C00003CCD9E /* Sources */ = {
			isa = PBXSourcesBuildPhase;
			buildActionMask = 2147483647;
			files = (
				D25F741D23CA7C00003CCD9E /* TestAppTests.swift in Sources */,
			);
			runOnlyForDeploymentPostprocessing = 0;
		};
/* End PBXSourcesBuildPhase section */

/* Begin PBXTargetDependency section */
		D25F742023CA7C00003CCD9E /* PBXTargetDependency */ = {
			isa = PBXTargetDependency;
			target = D25F73F023CA7BD5003CCD9E /* TestApp */;
			targetProxy = D25F741F23CA7C00003CCD9E /* PBXContainerItemProxy */;
		};
		D25F743B23CA812C003CCD9E /* PBXTargetDependency */ = {
			isa = PBXTargetDependency;
			productRef = D25F743A23CA812C003CCD9E /* Spek */;
		};
/* End PBXTargetDependency section */

/* Begin PBXVariantGroup section */
		D25F73FF23CA7BD8003CCD9E /* LaunchScreen.storyboard */ = {
			isa = PBXVariantGroup;
			children = (
				D25F740023CA7BD8003CCD9E /* Base */,
			);
			name = LaunchScreen.storyboard;
			sourceTree = "<group>";
		};
/* End PBXVariantGroup section */

/* Begin XCBuildConfiguration section */
		D25F740323CA7BD8003CCD9E /* Debug */ = {
			isa = XCBuildConfiguration;
			buildSettings = {
				ALWAYS_SEARCH_USER_PATHS = NO;
				CLANG_ANALYZER_NONNULL = YES;
				CLANG_ANALYZER_NUMBER_OBJECT_CONVERSION = YES_AGGRESSIVE;
				CLANG_CXX_LANGUAGE_STANDARD = "gnu++14";
				CLANG_CXX_LIBRARY = "libc++";
				CLANG_ENABLE_MODULES = YES;
				CLANG_ENABLE_OBJC_ARC = YES;
				CLANG_ENABLE_OBJC_WEAK = YES;
				CLANG_WARN_BLOCK_CAPTURE_AUTORELEASING = YES;
				CLANG_WARN_BOOL_CONVERSION = YES;
				CLANG_WARN_COMMA = YES;
				CLANG_WARN_CONSTANT_CONVERSION = YES;
				CLANG_WARN_DEPRECATED_OBJC_IMPLEMENTATIONS = YES;
				CLANG_WARN_DIRECT_OBJC_ISA_USAGE = YES_ERROR;
				CLANG_WARN_DOCUMENTATION_COMMENTS = YES;
				CLANG_WARN_EMPTY_BODY = YES;
				CLANG_WARN_ENUM_CONVERSION = YES;
				CLANG_WARN_INFINITE_RECURSION = YES;
				CLANG_WARN_INT_CONVERSION = YES;
				CLANG_WARN_NON_LITERAL_NULL_CONVERSION = YES;
				CLANG_WARN_OBJC_IMPLICIT_RETAIN_SELF = YES;
				CLANG_WARN_OBJC_LITERAL_CONVERSION = YES;
				CLANG_WARN_OBJC_ROOT_CLASS = YES_ERROR;
				CLANG_WARN_RANGE_LOOP_ANALYSIS = YES;
				CLANG_WARN_STRICT_PROTOTYPES = YES;
				CLANG_WARN_SUSPICIOUS_MOVE = YES;
				CLANG_WARN_UNGUARDED_AVAILABILITY = YES_AGGRESSIVE;
				CLANG_WARN_UNREACHABLE_CODE = YES;
				CLANG_WARN__DUPLICATE_METHOD_MATCH = YES;
				COPY_PHASE_STRIP = NO;
				DEBUG_INFORMATION_FORMAT = dwarf;
				ENABLE_STRICT_OBJC_MSGSEND = YES;
				ENABLE_TESTABILITY = YES;
				GCC_C_LANGUAGE_STANDARD = gnu11;
				GCC_DYNAMIC_NO_PIC = NO;
				GCC_NO_COMMON_BLOCKS = YES;
				GCC_OPTIMIZATION_LEVEL = 0;
				GCC_PREPROCESSOR_DEFINITIONS = (
					"DEBUG=1",
					"$(inherited)",
				);
				GCC_WARN_64_TO_32_BIT_CONVERSION = YES;
				GCC_WARN_ABOUT_RETURN_TYPE = YES_ERROR;
				GCC_WARN_UNDECLARED_SELECTOR = YES;
				GCC_WARN_UNINITIALIZED_AUTOS = YES_AGGRESSIVE;
				GCC_WARN_UNUSED_FUNCTION = YES;
				GCC_WARN_UNUSED_VARIABLE = YES;
				IPHONEOS_DEPLOYMENT_TARGET = 13.2;
				MTL_ENABLE_DEBUG_INFO = INCLUDE_SOURCE;
				MTL_FAST_MATH = YES;
				ONLY_ACTIVE_ARCH = YES;
				SDKROOT = iphoneos;
				SWIFT_ACTIVE_COMPILATION_CONDITIONS = DEBUG;
				SWIFT_OPTIMIZATION_LEVEL = "-Onone";
			};
			name = Debug;
		};
		D25F740423CA7BD8003CCD9E /* Release */ = {
			isa = XCBuildConfiguration;
			buildSettings = {
				ALWAYS_SEARCH_USER_PATHS = NO;
				CLANG_ANALYZER_NONNULL = YES;
				CLANG_ANALYZER_NUMBER_OBJECT_CONVERSION = YES_AGGRESSIVE;
				CLANG_CXX_LANGUAGE_STANDARD = "gnu++14";
				CLANG_CXX_LIBRARY = "libc++";
				CLANG_ENABLE_MODULES = YES;
				CLANG_ENABLE_OBJC_ARC = YES;
				CLANG_ENABLE_OBJC_WEAK = YES;
				CLANG_WARN_BLOCK_CAPTURE_AUTORELEASING = YES;
				CLANG_WARN_BOOL_CONVERSION = YES;
				CLANG_WARN_COMMA = YES;
				CLANG_WARN_CONSTANT_CONVERSION = YES;
				CLANG_WARN_DEPRECATED_OBJC_IMPLEMENTATIONS = YES;
				CLANG_WARN_DIRECT_OBJC_ISA_USAGE = YES_ERROR;
				CLANG_WARN_DOCUMENTATION_COMMENTS = YES;
				CLANG_WARN_EMPTY_BODY = YES;
				CLANG_WARN_ENUM_CONVERSION = YES;
				CLANG_WARN_INFINITE_RECURSION = YES;
				CLANG_WARN_INT_CONVERSION = YES;
				CLANG_WARN_NON_LITERAL_NULL_CONVERSION = YES;
				CLANG_WARN_OBJC_IMPLICIT_RETAIN_SELF = YES;
				CLANG_WARN_OBJC_LITERAL_CONVERSION = YES;
				CLANG_WARN_OBJC_ROOT_CLASS = YES_ERROR;
				CLANG_WARN_RANGE_LOOP_ANALYSIS = YES;
				CLANG_WARN_STRICT_PROTOTYPES = YES;
				CLANG_WARN_SUSPICIOUS_MOVE = YES;
				CLANG_WARN_UNGUARDED_AVAILABILITY = YES_AGGRESSIVE;
				CLANG_WARN_UNREACHABLE_CODE = YES;
				CLANG_WARN__DUPLICATE_METHOD_MATCH = YES;
				COPY_PHASE_STRIP = NO;
				DEBUG_INFORMATION_FORMAT = "dwarf-with-dsym";
				ENABLE_NS_ASSERTIONS = NO;
				ENABLE_STRICT_OBJC_MSGSEND = YES;
				GCC_C_LANGUAGE_STANDARD = gnu11;
				GCC_NO_COMMON_BLOCKS = YES;
				GCC_WARN_64_TO_32_BIT_CONVERSION = YES;
				GCC_WARN_ABOUT_RETURN_TYPE = YES_ERROR;
				GCC_WARN_UNDECLARED_SELECTOR = YES;
				GCC_WARN_UNINITIALIZED_AUTOS = YES_AGGRESSIVE;
				GCC_WARN_UNUSED_FUNCTION = YES;
				GCC_WARN_UNUSED_VARIABLE = YES;
				IPHONEOS_DEPLOYMENT_TARGET = 13.2;
				MTL_ENABLE_DEBUG_INFO = NO;
				MTL_FAST_MATH = YES;
				SDKROOT = iphoneos;
				SWIFT_COMPILATION_MODE = wholemodule;
				SWIFT_OPTIMIZATION_LEVEL = "-O";
				VALIDATE_PRODUCT = YES;
			};
			name = Release;
		};
		D25F740623CA7BD8003CCD9E /* Debug */ = {
			isa = XCBuildConfiguration;
			buildSettings = {
				ASSETCATALOG_COMPILER_APPICON_NAME = AppIcon;
				CODE_SIGN_STYLE = Automatic;
				DEVELOPMENT_ASSET_PATHS = "\"TestApp/Preview Content\"";
				DEVELOPMENT_TEAM = T78DK947F2;
				ENABLE_PREVIEWS = YES;
				INFOPLIST_FILE = TestApp/Info.plist;
				LD_RUNPATH_SEARCH_PATHS = (
					"$(inherited)",
					"@executable_path/Frameworks",
				);
				PRODUCT_BUNDLE_IDENTIFIER = com.onmyway133.TestApp;
				PRODUCT_NAME = "$(TARGET_NAME)";
				SWIFT_VERSION = 5.0;
				TARGETED_DEVICE_FAMILY = "1,2";
			};
			name = Debug;
		};
		D25F740723CA7BD8003CCD9E /* Release */ = {
			isa = XCBuildConfiguration;
			buildSettings = {
				ASSETCATALOG_COMPILER_APPICON_NAME = AppIcon;
				CODE_SIGN_STYLE = Automatic;
				DEVELOPMENT_ASSET_PATHS = "\"TestApp/Preview Content\"";
				DEVELOPMENT_TEAM = T78DK947F2;
				ENABLE_PREVIEWS = YES;
				INFOPLIST_FILE = TestApp/Info.plist;
				LD_RUNPATH_SEARCH_PATHS = (
					"$(inherited)",
					"@executable_path/Frameworks",
				);
				PRODUCT_BUNDLE_IDENTIFIER = com.onmyway133.TestApp;
				PRODUCT_NAME = "$(TARGET_NAME)";
				SWIFT_VERSION = 5.0;
				TARGETED_DEVICE_FAMILY = "1,2";
			};
			name = Release;
		};
		D25F742223CA7C00003CCD9E /* Debug */ = {
			isa = XCBuildConfiguration;
			buildSettings = {
				BUNDLE_LOADER = "$(TEST_HOST)";
				CODE_SIGN_STYLE = Automatic;
				DEVELOPMENT_TEAM = T78DK947F2;
				INFOPLIST_FILE = TestAppTests/Info.plist;
				LD_RUNPATH_SEARCH_PATHS = (
					"$(inherited)",
					"@executable_path/Frameworks",
					"@loader_path/Frameworks",
				);
				PRODUCT_BUNDLE_IDENTIFIER = com.onmyway133.TestAppTests;
				PRODUCT_NAME = "$(TARGET_NAME)";
				SWIFT_VERSION = 5.0;
				TARGETED_DEVICE_FAMILY = "1,2";
				TEST_HOST = "$(BUILT_PRODUCTS_DIR)/TestApp.app/TestApp";
			};
			name = Debug;
		};
		D25F742323CA7C00003CCD9E /* Release */ = {
			isa = XCBuildConfiguration;
			buildSettings = {
				BUNDLE_LOADER = "$(TEST_HOST)";
				CODE_SIGN_STYLE = Automatic;
				DEVELOPMENT_TEAM = T78DK947F2;
				INFOPLIST_FILE = TestAppTests/Info.plist;
				LD_RUNPATH_SEARCH_PATHS = (
					"$(inherited)",
					"@executable_path/Frameworks",
					"@loader_path/Frameworks",
				);
				PRODUCT_BUNDLE_IDENTIFIER = com.onmyway133.TestAppTests;
				PRODUCT_NAME = "$(TARGET_NAME)";
				SWIFT_VERSION = 5.0;
				TARGETED_DEVICE_FAMILY = "1,2";
				TEST_HOST = "$(BUILT_PRODUCTS_DIR)/TestApp.app/TestApp";
			};
			name = Release;
		};
/* End XCBuildConfiguration section */

/* Begin XCConfigurationList section */
		D25F73EC23CA7BD5003CCD9E /* Build configuration list for PBXProject "TestApp" */ = {
			isa = XCConfigurationList;
			buildConfigurations = (
				D25F740323CA7BD8003CCD9E /* Debug */,
				D25F740423CA7BD8003CCD9E /* Release */,
			);
			defaultConfigurationIsVisible = 0;
			defaultConfigurationName = Release;
		};
		D25F740523CA7BD8003CCD9E /* Build configuration list for PBXNativeTarget "TestApp" */ = {
			isa = XCConfigurationList;
			buildConfigurations = (
				D25F740623CA7BD8003CCD9E /* Debug */,
				D25F740723CA7BD8003CCD9E /* Release */,
			);
			defaultConfigurationIsVisible = 0;
			defaultConfigurationName = Release;
		};
		D25F742123CA7C00003CCD9E /* Build configuration list for PBXNativeTarget "TestAppTests" */ = {
			isa = XCConfigurationList;
			buildConfigurations = (
				D25F742223CA7C00003CCD9E /* Debug */,
				D25F742323CA7C00003CCD9E /* Release */,
			);
			defaultConfigurationIsVisible = 0;
			defaultConfigurationName = Release;
		};
/* End XCConfigurationList section */

/* Begin XCSwiftPackageProductDependency section */
		D25F743A23CA812C003CCD9E /* Spek */ = {
			isa = XCSwiftPackageProductDependency;
			productName = Spek;
		};
		D25F743C23CA8131003CCD9E /* Spek */ = {
			isa = XCSwiftPackageProductDependency;
			productName = Spek;
		};
/* End XCSwiftPackageProductDependency section */
	};
	rootObject = D25F73E923CA7BD5003CCD9E /* Project object */;
}
